
Microsoft Visual Studio Solution File, Format Version 12.00
# Visual Studio Version 17
VisualStudioVersion = 17.11.35312.102
MinimumVisualStudioVersion = 10.0.40219.1
Project("{FAE04EC0-301F-11D3-BF4B-00C04F79EFBC}") = "Question1", "Question1.csproj", "{AE776CD8-B69F-4658-950A-55D4CF488372}"
EndProject
Global
	GlobalSection(SolutionConfigurationPlatforms) = preSolution
		Debug|Any CPU = Debug|Any CPU
		Release|Any CPU = Release|Any CPU
	EndGlobalSection
	GlobalSection(ProjectConfigurationPlatforms) = postSolution
		{AE776CD8-B69F-4658-950A-55D4CF488372}.Debug|Any CPU.ActiveCfg = Debug|Any CPU
		{AE776CD8-B69F-4658-950A-55D4CF488372}.Debug|Any CPU.Build.0 = Debug|Any CPU
		{AE776CD8-B69F-4658-950A-55D4CF488372}.Release|Any CPU.ActiveCfg = Release|Any CPU
		{AE776CD8-B69F-4658-950A-55D4CF488372}.Release|Any CPU.Build.0 = Release|Any CPU
	EndGlobalSection
	GlobalSection(SolutionProperties) = preSolution
		HideSolutionNode = FALSE
	EndGlobalSection
	GlobalSection(ExtensibilityGlobals) = postSolution
		SolutionGuid = {AE3B4580-6A8D-41FB-ABA9-E2499D64571B}
	EndGlobalSection
EndGlobal
